// !$*UTF8*$!
{
	archiveVersion = 1;
	classes = {
	};
	objectVersion = 56;
	objects = {

/* Begin PBXBuildFile section */
		90165DD72BF1EF9E00B3FB44 /* DataListView.swift in Sources */ = {isa = PBXBuildFile; fileRef = 90165DD62BF1EF9E00B3FB44 /* DataListView.swift */; };
		90165DD92BF1F04400B3FB44 /* DataModel.swift in Sources */ = {isa = PBXBuildFile; fileRef = 90165DD82BF1F04400B3FB44 /* DataModel.swift */; };
		90165DDB2BF1F06700B3FB44 /* DataViewModel.swift in Sources */ = {isa = PBXBuildFile; fileRef = 90165DDA2BF1F06700B3FB44 /* DataViewModel.swift */; };
		90165DDD2BF207D200B3FB44 /* DataItemListView.swift in Sources */ = {isa = PBXBuildFile; fileRef = 90165DDC2BF207D200B3FB44 /* DataItemListView.swift */; };
		90636D3C2BEB9C50004A0E0D /* WelcomeView.swift in Sources */ = {isa = PBXBuildFile; fileRef = 90636D3B2BEB9C50004A0E0D /* WelcomeView.swift */; };
		90636D3E2BEBE8DC004A0E0D /* FeaturesPage.swift in Sources */ = {isa = PBXBuildFile; fileRef = 90636D3D2BEBE8DC004A0E0D /* FeaturesPage.swift */; };
		90636D402BEBE8F9004A0E0D /* FeatureCard.swift in Sources */ = {isa = PBXBuildFile; fileRef = 90636D3F2BEBE8F9004A0E0D /* FeatureCard.swift */; };
		90636D422BEBEB93004A0E0D /* WeatherDayView.swift in Sources */ = {isa = PBXBuildFile; fileRef = 90636D412BEBEB93004A0E0D /* WeatherDayView.swift */; };
		90786C832BEC9ECA009240B8 /* DiceView.swift in Sources */ = {isa = PBXBuildFile; fileRef = 90786C822BEC9ECA009240B8 /* DiceView.swift */; };
		90786C852BECA845009240B8 /* UserListView.swift in Sources */ = {isa = PBXBuildFile; fileRef = 90786C842BECA845009240B8 /* UserListView.swift */; };
		90AD7F212BEB6BBE0082AB2F /* UIBasicsApp.swift in Sources */ = {isa = PBXBuildFile; fileRef = 90AD7F202BEB6BBE0082AB2F /* UIBasicsApp.swift */; };
		90AD7F232BEB6BBE0082AB2F /* ContentView.swift in Sources */ = {isa = PBXBuildFile; fileRef = 90AD7F222BEB6BBE0082AB2F /* ContentView.swift */; };
		90AD7F252BEB6BC70082AB2F /* Assets.xcassets in Resources */ = {isa = PBXBuildFile; fileRef = 90AD7F242BEB6BC70082AB2F /* Assets.xcassets */; };
		90AD7F282BEB6BC70082AB2F /* Preview Assets.xcassets in Resources */ = {isa = PBXBuildFile; fileRef = 90AD7F272BEB6BC70082AB2F /* Preview Assets.xcassets */; };
/* End PBXBuildFile section */

/* Begin PBXFileReference section */
		90165DD62BF1EF9E00B3FB44 /* DataListView.swift */ = {isa = PBXFileReference; lastKnownFileType = sourcecode.swift; path = DataListView.swift; sourceTree = "<group>"; };
		90165DD82BF1F04400B3FB44 /* DataModel.swift */ = {isa = PBXFileReference; lastKnownFileType = sourcecode.swift; path = DataModel.swift; sourceTree = "<group>"; };
		90165DDA2BF1F06700B3FB44 /* DataViewModel.swift */ = {isa = PBXFileReference; lastKnownFileType = sourcecode.swift; path = DataViewModel.swift; sourceTree = "<group>"; };
		90165DDC2BF207D200B3FB44 /* DataItemListView.swift */ = {isa = PBXFileReference; lastKnownFileType = sourcecode.swift; path = DataItemListView.swift; sourceTree = "<group>"; };
		90636D3B2BEB9C50004A0E0D /* WelcomeView.swift */ = {isa = PBXFileReference; lastKnownFileType = sourcecode.swift; path = WelcomeView.swift; sourceTree = "<group>"; };
		90636D3D2BEBE8DC004A0E0D /* FeaturesPage.swift */ = {isa = PBXFileReference; lastKnownFileType = sourcecode.swift; path = FeaturesPage.swift; sourceTree = "<group>"; };
		90636D3F2BEBE8F9004A0E0D /* FeatureCard.swift */ = {isa = PBXFileReference; lastKnownFileType = sourcecode.swift; path = FeatureCard.swift; sourceTree = "<group>"; };
		90636D412BEBEB93004A0E0D /* WeatherDayView.swift */ = {isa = PBXFileReference; lastKnownFileType = sourcecode.swift; path = WeatherDayView.swift; sourceTree = "<group>"; };
		90786C822BEC9ECA009240B8 /* DiceView.swift */ = {isa = PBXFileReference; lastKnownFileType = sourcecode.swift; path = DiceView.swift; sourceTree = "<group>"; };
		90786C842BECA845009240B8 /* UserListView.swift */ = {isa = PBXFileReference; lastKnownFileType = sourcecode.swift; path = UserListView.swift; sourceTree = "<group>"; };
		90AD7F1D2BEB6BBE0082AB2F /* UIBasics.app */ = {isa = PBXFileReference; explicitFileType = wrapper.application; includeInIndex = 0; path = UIBasics.app; sourceTree = BUILT_PRODUCTS_DIR; };
		90AD7F202BEB6BBE0082AB2F /* UIBasicsApp.swift */ = {isa = PBXFileReference; lastKnownFileType = sourcecode.swift; path = UIBasicsApp.swift; sourceTree = "<group>"; };
		90AD7F222BEB6BBE0082AB2F /* ContentView.swift */ = {isa = PBXFileReference; lastKnownFileType = sourcecode.swift; path = ContentView.swift; sourceTree = "<group>"; };
		90AD7F242BEB6BC70082AB2F /* Assets.xcassets */ = {isa = PBXFileReference; lastKnownFileType = folder.assetcatalog; path = Assets.xcassets; sourceTree = "<group>"; };
		90AD7F272BEB6BC70082AB2F /* Preview Assets.xcassets */ = {isa = PBXFileReference; lastKnownFileType = folder.assetcatalog; path = "Preview Assets.xcassets"; sourceTree = "<group>"; };
/* End PBXFileReference section */

/* Begin PBXFrameworksBuildPhase section */
		90AD7F1A2BEB6BBD0082AB2F /* Frameworks */ = {
			isa = PBXFrameworksBuildPhase;
			buildActionMask = 2147483647;
			files = (
			);
			runOnlyForDeploymentPostprocessing = 0;
		};
/* End PBXFrameworksBuildPhase section */

/* Begin PBXGroup section */
		90165DD52BF1EF7900B3FB44 /* Networking */ = {
			isa = PBXGroup;
			children = (
				90165DD62BF1EF9E00B3FB44 /* DataListView.swift */,
				90165DD82BF1F04400B3FB44 /* DataModel.swift */,
				90165DDA2BF1F06700B3FB44 /* DataViewModel.swift */,
				90165DDC2BF207D200B3FB44 /* DataItemListView.swift */,
			);
			path = Networking;
			sourceTree = "<group>";
		};
		90165DDE2BF21A0E00B3FB44 /* New Group */ = {
			isa = PBXGroup;
			children = (
			);
			path = "New Group";
			sourceTree = "<group>";
		};
		90AD7F142BEB6BBD0082AB2F = {
			isa = PBXGroup;
			children = (
				90AD7F1F2BEB6BBE0082AB2F /* UIBasics */,
				90AD7F1E2BEB6BBE0082AB2F /* Products */,
			);
			sourceTree = "<group>";
		};
		90AD7F1E2BEB6BBE0082AB2F /* Products */ = {
			isa = PBXGroup;
			children = (
				90AD7F1D2BEB6BBE0082AB2F /* UIBasics.app */,
			);
			name = Products;
			sourceTree = "<group>";
		};
		90AD7F1F2BEB6BBE0082AB2F /* UIBasics */ = {
			isa = PBXGroup;
			children = (
				90165DDE2BF21A0E00B3FB44 /* New Group */,
				90165DD52BF1EF7900B3FB44 /* Networking */,
				90AD7F202BEB6BBE0082AB2F /* UIBasicsApp.swift */,
				90AD7F222BEB6BBE0082AB2F /* ContentView.swift */,
				90636D412BEBEB93004A0E0D /* WeatherDayView.swift */,
				90636D3B2BEB9C50004A0E0D /* WelcomeView.swift */,
				90636D3D2BEBE8DC004A0E0D /* FeaturesPage.swift */,
				90636D3F2BEBE8F9004A0E0D /* FeatureCard.swift */,
				90786C822BEC9ECA009240B8 /* DiceView.swift */,
				90786C842BECA845009240B8 /* UserListView.swift */,
				90AD7F242BEB6BC70082AB2F /* Assets.xcassets */,
				90AD7F262BEB6BC70082AB2F /* Preview Content */,
			);
			path = UIBasics;
			sourceTree = "<group>";
		};
		90AD7F262BEB6BC70082AB2F /* Preview Content */ = {
			isa = PBXGroup;
			children = (
				90AD7F272BEB6BC70082AB2F /* Preview Assets.xcassets */,
			);
			path = "Preview Content";
			sourceTree = "<group>";
		};
/* End PBXGroup section */

/* Begin PBXNativeTarget section */
		90AD7F1C2BEB6BBD0082AB2F /* UIBasics */ = {
			isa = PBXNativeTarget;
			buildConfigurationList = 90AD7F2B2BEB6BC70082AB2F /* Build configuration list for PBXNativeTarget "UIBasics" */;
			buildPhases = (
				90AD7F192BEB6BBD0082AB2F /* Sources */,
				90AD7F1A2BEB6BBD0082AB2F /* Frameworks */,
				90AD7F1B2BEB6BBD0082AB2F /* Resources */,
			);
			buildRules = (
			);
			dependencies = (
			);
			name = UIBasics;
			productName = UIBasics;
			productReference = 90AD7F1D2BEB6BBE0082AB2F /* UIBasics.app */;
			productType = "com.apple.product-type.application";
		};
/* End PBXNativeTarget section */

/* Begin PBXProject section */
		90AD7F152BEB6BBD0082AB2F /* Project object */ = {
			isa = PBXProject;
			attributes = {
				BuildIndependentTargetsInParallel = 1;
				LastSwiftUpdateCheck = 1530;
				LastUpgradeCheck = 1530;
				TargetAttributes = {
					90AD7F1C2BEB6BBD0082AB2F = {
						CreatedOnToolsVersion = 15.3;
					};
				};
			};
			buildConfigurationList = 90AD7F182BEB6BBD0082AB2F /* Build configuration list for PBXProject "UIBasics" */;
			compatibilityVersion = "Xcode 14.0";
			developmentRegion = en;
			hasScannedForEncodings = 0;
			knownRegions = (
				en,
				Base,
			);
			mainGroup = 90AD7F142BEB6BBD0082AB2F;
			productRefGroup = 90AD7F1E2BEB6BBE0082AB2F /* Products */;
			projectDirPath = "";
			projectRoot = "";
			targets = (
				90AD7F1C2BEB6BBD0082AB2F /* UIBasics */,
			);
		};
/* End PBXProject section */

/* Begin PBXResourcesBuildPhase section */
		90AD7F1B2BEB6BBD0082AB2F /* Resources */ = {
			isa = PBXResourcesBuildPhase;
			buildActionMask = 2147483647;
			files = (
				90AD7F282BEB6BC70082AB2F /* Preview Assets.xcassets in Resources */,
				90AD7F252BEB6BC70082AB2F /* Assets.xcassets in Resources */,
			);
			runOnlyForDeploymentPostprocessing = 0;
		};
/* End PBXResourcesBuildPhase section */

/* Begin PBXSourcesBuildPhase section */
		90AD7F192BEB6BBD0082AB2F /* Sources */ = {
			isa = PBXSourcesBuildPhase;
			buildActionMask = 2147483647;
			files = (
				90AD7F232BEB6BBE0082AB2F /* ContentView.swift in Sources */,
				90636D3E2BEBE8DC004A0E0D /* FeaturesPage.swift in Sources */,
				90636D422BEBEB93004A0E0D /* WeatherDayView.swift in Sources */,
				90786C852BECA845009240B8 /* UserListView.swift in Sources */,
				90636D3C2BEB9C50004A0E0D /* WelcomeView.swift in Sources */,
				90165DDD2BF207D200B3FB44 /* DataItemListView.swift in Sources */,
				90165DD92BF1F04400B3FB44 /* DataModel.swift in Sources */,
				90AD7F212BEB6BBE0082AB2F /* UIBasicsApp.swift in Sources */,
				90165DD72BF1EF9E00B3FB44 /* DataListView.swift in Sources */,
				90786C832BEC9ECA009240B8 /* DiceView.swift in Sources */,
				90165DDB2BF1F06700B3FB44 /* DataViewModel.swift in Sources */,
				90636D402BEBE8F9004A0E0D /* FeatureCard.swift in Sources */,
			);
			runOnlyForDeploymentPostprocessing = 0;
		};
/* End PBXSourcesBuildPhase section */

/* Begin XCBuildConfiguration section */
		90AD7F292BEB6BC70082AB2F /* Debug */ = {
			isa = XCBuildConfiguration;
			buildSettings = {
				ALWAYS_SEARCH_USER_PATHS = NO;
				ASSETCATALOG_COMPILER_GENERATE_SWIFT_ASSET_SYMBOL_EXTENSIONS = YES;
				CLANG_ANALYZER_NONNULL = YES;
				CLANG_ANALYZER_NUMBER_OBJECT_CONVERSION = YES_AGGRESSIVE;
				CLANG_CXX_LANGUAGE_STANDARD = "gnu++20";
				CLANG_ENABLE_MODULES = YES;
				CLANG_ENABLE_OBJC_ARC = YES;
				CLANG_ENABLE_OBJC_WEAK = YES;
				CLANG_WARN_BLOCK_CAPTURE_AUTORELEASING = YES;
				CLANG_WARN_BOOL_CONVERSION = YES;
				CLANG_WARN_COMMA = YES;
				CLANG_WARN_CONSTANT_CONVERSION = YES;
				CLANG_WARN_DEPRECATED_OBJC_IMPLEMENTATIONS = YES;
				CLANG_WARN_DIRECT_OBJC_ISA_USAGE = YES_ERROR;
				CLANG_WARN_DOCUMENTATION_COMMENTS = YES;
				CLANG_WARN_EMPTY_BODY = YES;
				CLANG_WARN_ENUM_CONVERSION = YES;
				CLANG_WARN_INFINITE_RECURSION = YES;
				CLANG_WARN_INT_CONVERSION = YES;
				CLANG_WARN_NON_LITERAL_NULL_CONVERSION = YES;
				CLANG_WARN_OBJC_IMPLICIT_RETAIN_SELF = YES;
				CLANG_WARN_OBJC_LITERAL_CONVERSION = YES;
				CLANG_WARN_OBJC_ROOT_CLASS = YES_ERROR;
				CLANG_WARN_QUOTED_INCLUDE_IN_FRAMEWORK_HEADER = YES;
				CLANG_WARN_RANGE_LOOP_ANALYSIS = YES;
				CLANG_WARN_STRICT_PROTOTYPES = YES;
				CLANG_WARN_SUSPICIOUS_MOVE = YES;
				CLANG_WARN_UNGUARDED_AVAILABILITY = YES_AGGRESSIVE;
				CLANG_WARN_UNREACHABLE_CODE = YES;
				CLANG_WARN__DUPLICATE_METHOD_MATCH = YES;
				COPY_PHASE_STRIP = NO;
				DEBUG_INFORMATION_FORMAT = dwarf;
				ENABLE_STRICT_OBJC_MSGSEND = YES;
				ENABLE_TESTABILITY = YES;
				ENABLE_USER_SCRIPT_SANDBOXING = YES;
				GCC_C_LANGUAGE_STANDARD = gnu17;
				GCC_DYNAMIC_NO_PIC = NO;
				GCC_NO_COMMON_BLOCKS = YES;
				GCC_OPTIMIZATION_LEVEL = 0;
				GCC_PREPROCESSOR_DEFINITIONS = (
					"DEBUG=1",
					"$(inherited)",
				);
				GCC_WARN_64_TO_32_BIT_CONVERSION = YES;
				GCC_WARN_ABOUT_RETURN_TYPE = YES_ERROR;
				GCC_WARN_UNDECLARED_SELECTOR = YES;
				GCC_WARN_UNINITIALIZED_AUTOS = YES_AGGRESSIVE;
				GCC_WARN_UNUSED_FUNCTION = YES;
				GCC_WARN_UNUSED_VARIABLE = YES;
				IPHONEOS_DEPLOYMENT_TARGET = 17.4;
				LOCALIZATION_PREFERS_STRING_CATALOGS = YES;
				MTL_ENABLE_DEBUG_INFO = INCLUDE_SOURCE;
				MTL_FAST_MATH = YES;
				ONLY_ACTIVE_ARCH = YES;
				SDKROOT = iphoneos;
				SWIFT_ACTIVE_COMPILATION_CONDITIONS = "DEBUG $(inherited)";
				SWIFT_OPTIMIZATION_LEVEL = "-Onone";
			};
			name = Debug;
		};
		90AD7F2A2BEB6BC70082AB2F /* Release */ = {
			isa = XCBuildConfiguration;
			buildSettings = {
				ALWAYS_SEARCH_USER_PATHS = NO;
				ASSETCATALOG_COMPILER_GENERATE_SWIFT_ASSET_SYMBOL_EXTENSIONS = YES;
				CLANG_ANALYZER_NONNULL = YES;
				CLANG_ANALYZER_NUMBER_OBJECT_CONVERSION = YES_AGGRESSIVE;
				CLANG_CXX_LANGUAGE_STANDARD = "gnu++20";
				CLANG_ENABLE_MODULES = YES;
				CLANG_ENABLE_OBJC_ARC = YES;
				CLANG_ENABLE_OBJC_WEAK = YES;
				CLANG_WARN_BLOCK_CAPTURE_AUTORELEASING = YES;
				CLANG_WARN_BOOL_CONVERSION = YES;
				CLANG_WARN_COMMA = YES;
				CLANG_WARN_CONSTANT_CONVERSION = YES;
				CLANG_WARN_DEPRECATED_OBJC_IMPLEMENTATIONS = YES;
				CLANG_WARN_DIRECT_OBJC_ISA_USAGE = YES_ERROR;
				CLANG_WARN_DOCUMENTATION_COMMENTS = YES;
				CLANG_WARN_EMPTY_BODY = YES;
				CLANG_WARN_ENUM_CONVERSION = YES;
				CLANG_WARN_INFINITE_RECURSION = YES;
				CLANG_WARN_INT_CONVERSION = YES;
				CLANG_WARN_NON_LITERAL_NULL_CONVERSION = YES;
				CLANG_WARN_OBJC_IMPLICIT_RETAIN_SELF = YES;
				CLANG_WARN_OBJC_LITERAL_CONVERSION = YES;
				CLANG_WARN_OBJC_ROOT_CLASS = YES_ERROR;
				CLANG_WARN_QUOTED_INCLUDE_IN_FRAMEWORK_HEADER = YES;
				CLANG_WARN_RANGE_LOOP_ANALYSIS = YES;
				CLANG_WARN_STRICT_PROTOTYPES = YES;
				CLANG_WARN_SUSPICIOUS_MOVE = YES;
				CLANG_WARN_UNGUARDED_AVAILABILITY = YES_AGGRESSIVE;
				CLANG_WARN_UNREACHABLE_CODE = YES;
				CLANG_WARN__DUPLICATE_METHOD_MATCH = YES;
				COPY_PHASE_STRIP = NO;
				DEBUG_INFORMATION_FORMAT = "dwarf-with-dsym";
				ENABLE_NS_ASSERTIONS = NO;
				ENABLE_STRICT_OBJC_MSGSEND = YES;
				ENABLE_USER_SCRIPT_SANDBOXING = YES;
				GCC_C_LANGUAGE_STANDARD = gnu17;
				GCC_NO_COMMON_BLOCKS = YES;
				GCC_WARN_64_TO_32_BIT_CONVERSION = YES;
				GCC_WARN_ABOUT_RETURN_TYPE = YES_ERROR;
				GCC_WARN_UNDECLARED_SELECTOR = YES;
				GCC_WARN_UNINITIALIZED_AUTOS = YES_AGGRESSIVE;
				GCC_WARN_UNUSED_FUNCTION = YES;
				GCC_WARN_UNUSED_VARIABLE = YES;
				IPHONEOS_DEPLOYMENT_TARGET = 17.4;
				LOCALIZATION_PREFERS_STRING_CATALOGS = YES;
				MTL_ENABLE_DEBUG_INFO = NO;
				MTL_FAST_MATH = YES;
				SDKROOT = iphoneos;
				SWIFT_COMPILATION_MODE = wholemodule;
				VALIDATE_PRODUCT = YES;
			};
			name = Release;
		};
		90AD7F2C2BEB6BC70082AB2F /* Debug */ = {
			isa = XCBuildConfiguration;
			buildSettings = {
				ASSETCATALOG_COMPILER_APPICON_NAME = AppIcon;
				ASSETCATALOG_COMPILER_GLOBAL_ACCENT_COLOR_NAME = AccentColor;
				CODE_SIGN_STYLE = Automatic;
				CURRENT_PROJECT_VERSION = 1;
				DEVELOPMENT_ASSET_PATHS = "\"UIBasics/Preview Content\"";
				ENABLE_PREVIEWS = YES;
				GENERATE_INFOPLIST_FILE = YES;
				INFOPLIST_KEY_UIApplicationSceneManifest_Generation = YES;
				INFOPLIST_KEY_UIApplicationSupportsIndirectInputEvents = YES;
				INFOPLIST_KEY_UILaunchScreen_Generation = YES;
				INFOPLIST_KEY_UISupportedInterfaceOrientations_iPad = "UIInterfaceOrientationPortrait UIInterfaceOrientationPortraitUpsideDown UIInterfaceOrientationLandscapeLeft UIInterfaceOrientationLandscapeRight";
				INFOPLIST_KEY_UISupportedInterfaceOrientations_iPhone = "UIInterfaceOrientationPortrait UIInterfaceOrientationLandscapeLeft UIInterfaceOrientationLandscapeRight";
				LD_RUNPATH_SEARCH_PATHS = (
					"$(inherited)",
					"@executable_path/Frameworks",
				);
				MARKETING_VERSION = 1.0;
				PRODUCT_BUNDLE_IDENTIFIER = com.devjangir.UIBasics;
				PRODUCT_NAME = "$(TARGET_NAME)";
				SWIFT_EMIT_LOC_STRINGS = YES;
				SWIFT_VERSION = 5.0;
				TARGETED_DEVICE_FAMILY = "1,2";
			};
			name = Debug;
		};
		90AD7F2D2BEB6BC70082AB2F /* Release */ = {
			isa = XCBuildConfiguration;
			buildSettings = {
				ASSETCATALOG_COMPILER_APPICON_NAME = AppIcon;
				ASSETCATALOG_COMPILER_GLOBAL_ACCENT_COLOR_NAME = AccentColor;
				CODE_SIGN_STYLE = Automatic;
				CURRENT_PROJECT_VERSION = 1;
				DEVELOPMENT_ASSET_PATHS = "\"UIBasics/Preview Content\"";
				ENABLE_PREVIEWS = YES;
				GENERATE_INFOPLIST_FILE = YES;
				INFOPLIST_KEY_UIApplicationSceneManifest_Generation = YES;
				INFOPLIST_KEY_UIApplicationSupportsIndirectInputEvents = YES;
				INFOPLIST_KEY_UILaunchScreen_Generation = YES;
				INFOPLIST_KEY_UISupportedInterfaceOrientations_iPad = "UIInterfaceOrientationPortrait UIInterfaceOrientationPortraitUpsideDown UIInterfaceOrientationLandscapeLeft UIInterfaceOrientationLandscapeRight";
				INFOPLIST_KEY_UISupportedInterfaceOrientations_iPhone = "UIInterfaceOrientationPortrait UIInterfaceOrientationLandscapeLeft UIInterfaceOrientationLandscapeRight";
				LD_RUNPATH_SEARCH_PATHS = (
					"$(inherited)",
					"@executable_path/Frameworks",
				);
				MARKETING_VERSION = 1.0;
				PRODUCT_BUNDLE_IDENTIFIER = com.devjangir.UIBasics;
				PRODUCT_NAME = "$(TARGET_NAME)";
				SWIFT_EMIT_LOC_STRINGS = YES;
				SWIFT_VERSION = 5.0;
				TARGETED_DEVICE_FAMILY = "1,2";
			};
			name = Release;
		};
/* End XCBuildConfiguration section */

/* Begin XCConfigurationList section */
		90AD7F182BEB6BBD0082AB2F /* Build configuration list for PBXProject "UIBasics" */ = {
			isa = XCConfigurationList;
			buildConfigurations = (
				90AD7F292BEB6BC70082AB2F /* Debug */,
				90AD7F2A2BEB6BC70082AB2F /* Release */,
			);
			defaultConfigurationIsVisible = 0;
			defaultConfigurationName = Release;
		};
		90AD7F2B2BEB6BC70082AB2F /* Build configuration list for PBXNativeTarget "UIBasics" */ = {
			isa = XCConfigurationList;
			buildConfigurations = (
				90AD7F2C2BEB6BC70082AB2F /* Debug */,
				90AD7F2D2BEB6BC70082AB2F /* Release */,
			);
			defaultConfigurationIsVisible = 0;
			defaultConfigurationName = Release;
		};
/* End XCConfigurationList section */
	};
	rootObject = 90AD7F152BEB6BBD0082AB2F /* Project object */;
}
